
Microsoft Visual Studio Solution File, Format Version 12.00
# Visual Studio Version 17
VisualStudioVersion = 17.4.33213.308
MinimumVisualStudioVersion = 10.0.40219.1
Project("{8BC9CEB8-8B4A-11D0-8D11-00A0C91BC942}") = "Задача отладка", "Задача отладка\Задача отладка.vcxproj", "{A450E52F-17D6-4846-BC5C-017D50A1E001}"
EndProject
Global
	GlobalSection(SolutionConfigurationPlatforms) = preSolution
		Debug|x64 = Debug|x64
		Debug|x86 = Debug|x86
		Release|x64 = Release|x64
		Release|x86 = Release|x86
	EndGlobalSection
	GlobalSection(ProjectConfigurationPlatforms) = postSolution
		{A450E52F-17D6-4846-BC5C-017D50A1E001}.Debug|x64.ActiveCfg = Debug|x64
		{A450E52F-17D6-4846-BC5C-017D50A1E001}.Debug|x64.Build.0 = Debug|x64
		{A450E52F-17D6-4846-BC5C-017D50A1E001}.Debug|x86.ActiveCfg = Debug|Win32
		{A450E52F-17D6-4846-BC5C-017D50A1E001}.Debug|x86.Build.0 = Debug|Win32
		{A450E52F-17D6-4846-BC5C-017D50A1E001}.Release|x64.ActiveCfg = Release|x64
		{A450E52F-17D6-4846-BC5C-017D50A1E001}.Release|x64.Build.0 = Release|x64
		{A450E52F-17D6-4846-BC5C-017D50A1E001}.Release|x86.ActiveCfg = Release|Win32
		{A450E52F-17D6-4846-BC5C-017D50A1E001}.Release|x86.Build.0 = Release|Win32
	EndGlobalSection
	GlobalSection(SolutionProperties) = preSolution
		HideSolutionNode = FALSE
	EndGlobalSection
	GlobalSection(ExtensibilityGlobals) = postSolution
		SolutionGuid = {0585E006-10B9-4A57-BEAF-9E9834BD35FD}
	EndGlobalSection
EndGlobal
